# THIS IS AN AUTOGENERATED FILE. DO NOT EDIT THIS FILE DIRECTLY.
# yarn lockfile v1


vant-weapp@^0.5.28:
  version "0.5.28"
  resolved "https://registry.yarnpkg.com/vant-weapp/-/vant-weapp-0.5.28.tgz#426edb8aec5284a1a7beab1b5e9cb73e5144c41b"
  integrity sha512-GAJ2PTLuhXHWpAD5B7DdRQdkEFMdjdduuMzKkThUjIiQ63ESnaJvIEUbW3RgiUNNV7PYXwhOFOd6woR/JsTFLA==

vtuweapp@^1.2.7:
  version "1.2.7"
  resolved "https://registry.yarnpkg.com/vtuweapp/-/vtuweapp-1.2.7.tgz#e670a04f8246fa3ac214e701033c40da38a7adaa"
  integrity sha512-AFf6963aG9dckTk9v5Yhm+dRWllL5lxpZvqD/9npaIwPoqAO6FYLSzshKngJ9twlZkRI3elzmUpF9nsT72bINQ==
